<?xml version="1.0" encoding="utf-8"?>
<Project ToolsVersion="14.0" xmlns="http://schemas.microsoft.com/developer/msbuild/2003">
  <ItemGroup>
    <Filter Include="Source Files">
      <UniqueIdentifier>{B1F27843-FECA-1BAD-6A4B-8A630000002E}</UniqueIdentifier>
      <Extensions>cpp;cxx;cc;c;C</Extensions>
    </Filter>
    <Filter Include="Header Files">
      <UniqueIdentifier>{06319535-FECA-1BAD-6A4B-8A630000002E}</UniqueIdentifier>
      <Extensions>h;hpp;hxx;hh</Extensions>
    </Filter>
    <Filter Include="Build Files">
      <UniqueIdentifier>{A1909F1C-FECA-1BAD-6A4B-8A630000002E}</UniqueIdentifier>
      <Extensions>mpc;mpb;mwc</Extensions>
    </Filter>
    <Filter Include="Inline Files">
      <UniqueIdentifier>{763028EF-FECA-1BAD-6A4B-8A630000002E}</UniqueIdentifier>
      <Extensions>i;ipp;inl</Extensions>
    </Filter>
  </ItemGroup>
  <ItemGroup>
    <ClCompile Include="main.cpp">
      <Filter>Source Files</Filter>
    </ClCompile>
    <ClCompile Include="DataReader_Aux2Strings.cpp">
      <Filter>Source Files</Filter>
    </ClCompile>
    <ClCompile Include="DataWriter_Aux2Strings.cpp">
      <Filter>Source Files</Filter>
    </ClCompile>
    <ClCompile Include="DataReaderListenerImpl_Aux2Strings.cpp">
      <Filter>Source Files</Filter>
    </ClCompile>
    <ClCompile Include="TimeSyncClient.cpp">
      <Filter>Source Files</Filter>
    </ClCompile>
    <ClCompile Include="DataReader_V2XMessage.cpp">
      <Filter>Source Files</Filter>
    </ClCompile>
    <ClCompile Include="DataReaderListenerImpl_V2XMessage.cpp">
      <Filter>Source Files</Filter>
    </ClCompile>
    <ClCompile Include="DataWriter_V2XMessage.cpp">
      <Filter>Source Files</Filter>
    </ClCompile>
    <ClCompile Include="DataReader_VehData.cpp">
      <Filter>Source Files</Filter>
    </ClCompile>
    <ClCompile Include="DataReaderListenerImpl_VehData.cpp">
      <Filter>Source Files</Filter>
    </ClCompile>
    <ClCompile Include="DataWriter_VehData.cpp">
      <Filter>Source Files</Filter>
    </ClCompile>
    <ClCompile Include="OpenDDST.cpp">
      <Filter>Source Files</Filter>
    </ClCompile>
  </ItemGroup>
  <ItemGroup>
    <ClInclude Include="TimeSync.h">
      <Filter>Header Files</Filter>
    </ClInclude>
    <ClInclude Include="DataReader_Aux2Strings.h">
      <Filter>Header Files</Filter>
    </ClInclude>
    <ClInclude Include="DataWriter_Aux2Strings.h">
      <Filter>Header Files</Filter>
    </ClInclude>
    <ClInclude Include="DataReader_V2XMessage.h">
      <Filter>Header Files</Filter>
    </ClInclude>
    <ClInclude Include="DataReaderListenerImpl_V2XMessage.h">
      <Filter>Header Files</Filter>
    </ClInclude>
    <ClInclude Include="DataWriter_V2XMessage.h">
      <Filter>Header Files</Filter>
    </ClInclude>
    <ClInclude Include="DataReaderListenerImpl_Aux2Strings.h">
      <Filter>Header Files</Filter>
    </ClInclude>
    <ClInclude Include="DataReader_VehData.h">
      <Filter>Header Files</Filter>
    </ClInclude>
    <ClInclude Include="DataReaderListenerImpl_VehData.h">
      <Filter>Header Files</Filter>
    </ClInclude>
    <ClInclude Include="DataWriter_VehData.h">
      <Filter>Header Files</Filter>
    </ClInclude>
    <ClInclude Include="QueueTs.h">
      <Filter>Header Files</Filter>
    </ClInclude>
    <ClInclude Include="OpenDDS.h">
      <Filter>Header Files</Filter>
    </ClInclude>
    <ClInclude Include="Sleep.h">
      <Filter>Header Files</Filter>
    </ClInclude>
  </ItemGroup>
  <ItemGroup>
    <None Include="mri.mpc">
      <Filter>Build Files</Filter>
    </None>
    <None Include="mri.mwc">
      <Filter>Build Files</Filter>
    </None>
  </ItemGroup>
  <ItemGroup>
    <None Include="MriC.inl">
      <Filter>Inline Files</Filter>
    </None>
    <None Include="MriTypeSupportC.inl">
      <Filter>Inline Files</Filter>
    </None>
  </ItemGroup>
</Project>